// !$*UTF8*$!
{
	archiveVersion = 1;
	classes = {
	};
	objectVersion = 56;
	objects = {

/* Begin PBXBuildFile section */
		A1B2C3000000000000000001 /* MediCareAppApp.swift in Sources */ = {isa = PBXBuildFile; fileRef = A1B2C3000000000000000101 /* MediCareAppApp.swift */; };
		A1B2C3000000000000000002 /* AppTheme.swift in Sources */ = {isa = PBXBuildFile; fileRef = A1B2C3000000000000000102 /* AppTheme.swift */; };
		A1B2C3000000000000000003 /* APIService.swift in Sources */ = {isa = PBXBuildFile; fileRef = A1B2C3000000000000000103 /* APIService.swift */; };
		A1B2C3000000000000000004 /* AuthViewModel.swift in Sources */ = {isa = PBXBuildFile; fileRef = A1B2C3000000000000000104 /* AuthViewModel.swift */; };
		A1B2C3000000000000000005 /* LoginView.swift in Sources */ = {isa = PBXBuildFile; fileRef = A1B2C3000000000000000105 /* LoginView.swift */; };
		A1B2C3000000000000000006 /* SignupView.swift in Sources */ = {isa = PBXBuildFile; fileRef = A1B2C3000000000000000106 /* SignupView.swift */; };
		A1B2C3000000000000000007 /* FormField.swift in Sources */ = {isa = PBXBuildFile; fileRef = A1B2C3000000000000000107 /* FormField.swift */; };
		A1B2C3000000000000000008 /* StatusBadge.swift in Sources */ = {isa = PBXBuildFile; fileRef = A1B2C3000000000000000108 /* StatusBadge.swift */; };
		A1B2C3000000000000000009 /* MainTabView.swift in Sources */ = {isa = PBXBuildFile; fileRef = A1B2C3000000000000000109 /* MainTabView.swift */; };
		A1B2C300000000000000000A /* DashboardView.swift in Sources */ = {isa = PBXBuildFile; fileRef = A1B2C300000000000000010A /* DashboardView.swift */; };
		A1B2C300000000000000000B /* AppointmentsListView.swift in Sources */ = {isa = PBXBuildFile; fileRef = A1B2C300000000000000010B /* AppointmentsListView.swift */; };
		A1B2C300000000000000000C /* PatientsListView.swift in Sources */ = {isa = PBXBuildFile; fileRef = A1B2C300000000000000010C /* PatientsListView.swift */; };
		A1B2C300000000000000000D /* VaccinesListView.swift in Sources */ = {isa = PBXBuildFile; fileRef = A1B2C300000000000000010D /* VaccinesListView.swift */; };
		A1B2C300000000000000000E /* ProfileView.swift in Sources */ = {isa = PBXBuildFile; fileRef = A1B2C300000000000000010E /* ProfileView.swift */; };
		A1B2C300000000000000000F /* AppointmentFormView.swift in Sources */ = {isa = PBXBuildFile; fileRef = A1B2C300000000000000010F /* AppointmentFormView.swift */; };
		A1B2C3000000000000000010 /* PatientFormView.swift in Sources */ = {isa = PBXBuildFile; fileRef = A1B2C3000000000000000110 /* PatientFormView.swift */; };
/* End PBXBuildFile section */

/* Begin PBXFileReference section */
		A1B2C3000000000000000101 /* MediCareAppApp.swift */ = {isa = PBXFileReference; lastKnownFileType = sourcecode.swift; path = MediCareAppApp.swift; sourceTree = "<group>"; };
		A1B2C3000000000000000102 /* AppTheme.swift */ = {isa = PBXFileReference; lastKnownFileType = sourcecode.swift; path = AppTheme.swift; sourceTree = "<group>"; };
		A1B2C3000000000000000103 /* APIService.swift */ = {isa = PBXFileReference; lastKnownFileType = sourcecode.swift; path = APIService.swift; sourceTree = "<group>"; };
		A1B2C3000000000000000104 /* AuthViewModel.swift */ = {isa = PBXFileReference; lastKnownFileType = sourcecode.swift; path = AuthViewModel.swift; sourceTree = "<group>"; };
		A1B2C3000000000000000105 /* LoginView.swift */ = {isa = PBXFileReference; lastKnownFileType = sourcecode.swift; path = LoginView.swift; sourceTree = "<group>"; };
		A1B2C3000000000000000106 /* SignupView.swift */ = {isa = PBXFileReference; lastKnownFileType = sourcecode.swift; path = SignupView.swift; sourceTree = "<group>"; };
		A1B2C3000000000000000107 /* FormField.swift */ = {isa = PBXFileReference; lastKnownFileType = sourcecode.swift; path = FormField.swift; sourceTree = "<group>"; };
		A1B2C3000000000000000108 /* StatusBadge.swift */ = {isa = PBXFileReference; lastKnownFileType = sourcecode.swift; path = StatusBadge.swift; sourceTree = "<group>"; };
		A1B2C3000000000000000109 /* MainTabView.swift */ = {isa = PBXFileReference; lastKnownFileType = sourcecode.swift; path = MainTabView.swift; sourceTree = "<group>"; };
		A1B2C300000000000000010A /* DashboardView.swift */ = {isa = PBXFileReference; lastKnownFileType = sourcecode.swift; path = DashboardView.swift; sourceTree = "<group>"; };
		A1B2C300000000000000010B /* AppointmentsListView.swift */ = {isa = PBXFileReference; lastKnownFileType = sourcecode.swift; path = AppointmentsListView.swift; sourceTree = "<group>"; };
		A1B2C300000000000000010C /* PatientsListView.swift */ = {isa = PBXFileReference; lastKnownFileType = sourcecode.swift; path = PatientsListView.swift; sourceTree = "<group>"; };
		A1B2C300000000000000010D /* VaccinesListView.swift */ = {isa = PBXFileReference; lastKnownFileType = sourcecode.swift; path = VaccinesListView.swift; sourceTree = "<group>"; };
		A1B2C300000000000000010E /* ProfileView.swift */ = {isa = PBXFileReference; lastKnownFileType = sourcecode.swift; path = ProfileView.swift; sourceTree = "<group>"; };
		A1B2C300000000000000010F /* AppointmentFormView.swift */ = {isa = PBXFileReference; lastKnownFileType = sourcecode.swift; path = AppointmentFormView.swift; sourceTree = "<group>"; };
		A1B2C3000000000000000110 /* PatientFormView.swift */ = {isa = PBXFileReference; lastKnownFileType = sourcecode.swift; path = PatientFormView.swift; sourceTree = "<group>"; };
		A1B2C3000000000000000111 /* Info.plist */ = {isa = PBXFileReference; lastKnownFileType = text.plist.xml; path = Info.plist; sourceTree = "<group>"; };
		A1B2C3000000000000000112 /* MediCareApp.app */ = {isa = PBXFileReference; explicitFileType = wrapper.application; path = MediCareApp.app; sourceTree = BUILT_PRODUCTS_DIR; };
/* End PBXFileReference section */

/* Begin PBXFrameworksBuildPhase section */
		A1B2C3000000000000000201 /* Frameworks */ = {
			isa = PBXFrameworksBuildPhase;
			buildActionMask = 2147483647;
			files = (
			);
			runOnlyForDeploymentPostprocessing = 0;
		};
/* End PBXFrameworksBuildPhase section */

/* Begin PBXGroup section */
		A1B2C3000000000000000301 = {
			isa = PBXGroup;
			children = (
				A1B2C3000000000000000302 /* MediCareApp */,
				A1B2C3000000000000000303 /* Products */,
			);
			sourceTree = "<group>";
		};
		A1B2C3000000000000000302 /* MediCareApp */ = {
			isa = PBXGroup;
			path = MediCareApp/MediCareApp;
			sourceTree = SOURCE_ROOT;
			children = (
				A1B2C3000000000000000101 /* MediCareAppApp.swift */,
				A1B2C3000000000000000310 /* Theme */,
				A1B2C3000000000000000311 /* Services */,
				A1B2C3000000000000000312 /* ViewModels */,
				A1B2C3000000000000000313 /* Views */,
				A1B2C3000000000000000111 /* Info.plist */,
			);
		};
		A1B2C3000000000000000303 /* Products */ = {
			isa = PBXGroup;
			children = (
				A1B2C3000000000000000112 /* MediCareApp.app */,
			);
			name = Products;
			sourceTree = "<group>";
		};
		A1B2C3000000000000000310 /* Theme */ = {
			isa = PBXGroup;
			path = Theme;
			sourceTree = "<group>";
			children = (
				A1B2C3000000000000000102 /* AppTheme.swift */,
			);
		};
		A1B2C3000000000000000311 /* Services */ = {
			isa = PBXGroup;
			path = Services;
			sourceTree = "<group>";
			children = (
				A1B2C3000000000000000103 /* APIService.swift */,
			);
		};
		A1B2C3000000000000000312 /* ViewModels */ = {
			isa = PBXGroup;
			path = ViewModels;
			sourceTree = "<group>";
			children = (
				A1B2C3000000000000000104 /* AuthViewModel.swift */,
			);
		};
		A1B2C3000000000000000313 /* Views */ = {
			isa = PBXGroup;
			path = Views;
			sourceTree = "<group>";
			children = (
				A1B2C3000000000000000109 /* MainTabView.swift */,
				A1B2C3000000000000000314 /* Authentication */,
				A1B2C3000000000000000315 /* Components */,
				A1B2C3000000000000000316 /* Dashboard */,
				A1B2C3000000000000000317 /* Appointments */,
				A1B2C3000000000000000318 /* Patients */,
				A1B2C3000000000000000319 /* Vaccines */,
				A1B2C300000000000000031A /* Profile */,
				A1B2C300000000000000031B /* Forms */,
			);
		};
		A1B2C3000000000000000314 /* Authentication */ = {
			isa = PBXGroup;
			path = Authentication;
			sourceTree = "<group>";
			children = (
				A1B2C3000000000000000105 /* LoginView.swift */,
				A1B2C3000000000000000106 /* SignupView.swift */,
			);
		};
		A1B2C3000000000000000315 /* Components */ = {
			isa = PBXGroup;
			path = Components;
			sourceTree = "<group>";
			children = (
				A1B2C3000000000000000107 /* FormField.swift */,
				A1B2C3000000000000000108 /* StatusBadge.swift */,
			);
		};
		A1B2C3000000000000000316 /* Dashboard */ = {
			isa = PBXGroup;
			path = Dashboard;
			sourceTree = "<group>";
			children = (
				A1B2C300000000000000010A /* DashboardView.swift */,
			);
		};
		A1B2C3000000000000000317 /* Appointments */ = {
			isa = PBXGroup;
			path = Appointments;
			sourceTree = "<group>";
			children = (
				A1B2C300000000000000010B /* AppointmentsListView.swift */,
			);
		};
		A1B2C3000000000000000318 /* Patients */ = {
			isa = PBXGroup;
			path = Patients;
			sourceTree = "<group>";
			children = (
				A1B2C300000000000000010C /* PatientsListView.swift */,
			);
		};
		A1B2C3000000000000000319 /* Vaccines */ = {
			isa = PBXGroup;
			path = Vaccines;
			sourceTree = "<group>";
			children = (
				A1B2C300000000000000010D /* VaccinesListView.swift */,
			);
		};
		A1B2C300000000000000031A /* Profile */ = {
			isa = PBXGroup;
			path = Profile;
			sourceTree = "<group>";
			children = (
				A1B2C300000000000000010E /* ProfileView.swift */,
			);
		};
		A1B2C300000000000000031B /* Forms */ = {
			isa = PBXGroup;
			path = Forms;
			sourceTree = "<group>";
			children = (
				A1B2C300000000000000010F /* AppointmentFormView.swift */,
				A1B2C3000000000000000110 /* PatientFormView.swift */,
			);
		};
/* End PBXGroup section */

/* Begin PBXNativeTarget section */
		D12345670010BBBB /* MediCareApp */ = {
			isa = PBXNativeTarget;
			buildConfigurationList = A1B2C3000000000000000501 /* Build configuration list for PBXNativeTarget "MediCareApp" */;
			buildPhases = (
				A1B2C3000000000000000202 /* Sources */,
				A1B2C3000000000000000201 /* Frameworks */,
				A1B2C3000000000000000203 /* Resources */,
			);
			buildRules = (
			);
			dependencies = (
			);
			name = MediCareApp;
			productName = MediCareApp;
			productReference = A1B2C3000000000000000112 /* MediCareApp.app */;
			productType = "com.apple.product-type.application";
		};
/* End PBXNativeTarget section */

/* Begin PBXProject section */
		A1B2C3000000000000000401 /* Project object */ = {
			isa = PBXProject;
			attributes = {
				BuildIndependentTargetsInParallel = 1;
				LastSwiftUpdateCheck = 1600;
				LastUpgradeCheck = 1600;
				TargetAttributes = {
					D12345670010BBBB = {
						CreatedOnToolsVersion = 16.0;
					};
				};
			};
			buildConfigurationList = A1B2C3000000000000000502 /* Build configuration list for PBXProject "MediCareApp" */;
			compatibilityVersion = "Xcode 14.0";
			developmentRegion = en;
			hasScannedForEncodings = 0;
			knownRegions = (
				en,
				Base,
			);
			mainGroup = A1B2C3000000000000000301;
			productRefGroup = A1B2C3000000000000000303 /* Products */;
			projectDirPath = "";
			projectRoot = "";
			targets = (
				D12345670010BBBB /* MediCareApp */,
			);
		};
/* End PBXProject section */

/* Begin PBXResourcesBuildPhase section */
		A1B2C3000000000000000203 /* Resources */ = {
			isa = PBXResourcesBuildPhase;
			buildActionMask = 2147483647;
			files = (
			);
			runOnlyForDeploymentPostprocessing = 0;
		};
/* End PBXResourcesBuildPhase section */

/* Begin PBXSourcesBuildPhase section */
		A1B2C3000000000000000202 /* Sources */ = {
			isa = PBXSourcesBuildPhase;
			buildActionMask = 2147483647;
			files = (
				A1B2C3000000000000000001 /* MediCareAppApp.swift in Sources */,
				A1B2C3000000000000000002 /* AppTheme.swift in Sources */,
				A1B2C3000000000000000003 /* APIService.swift in Sources */,
				A1B2C3000000000000000004 /* AuthViewModel.swift in Sources */,
				A1B2C3000000000000000005 /* LoginView.swift in Sources */,
				A1B2C3000000000000000006 /* SignupView.swift in Sources */,
				A1B2C3000000000000000007 /* FormField.swift in Sources */,
				A1B2C3000000000000000008 /* StatusBadge.swift in Sources */,
				A1B2C3000000000000000009 /* MainTabView.swift in Sources */,
				A1B2C300000000000000000A /* DashboardView.swift in Sources */,
				A1B2C300000000000000000B /* AppointmentsListView.swift in Sources */,
				A1B2C300000000000000000C /* PatientsListView.swift in Sources */,
				A1B2C300000000000000000D /* VaccinesListView.swift in Sources */,
				A1B2C300000000000000000E /* ProfileView.swift in Sources */,
				A1B2C300000000000000000F /* AppointmentFormView.swift in Sources */,
				A1B2C3000000000000000010 /* PatientFormView.swift in Sources */,
			);
			runOnlyForDeploymentPostprocessing = 0;
		};
/* End PBXSourcesBuildPhase section */

/* Begin XCBuildConfiguration section */
		A1B2C3000000000000000601 /* Debug */ = {
			isa = XCBuildConfiguration;
			buildSettings = {
				ALWAYS_SEARCH_USER_PATHS = NO;
				CLANG_ENABLE_MODULES = YES;
				ENABLE_TESTABILITY = YES;
				GCC_NO_COMMON_BLOCKS = YES;
				GCC_OPTIMIZATION_LEVEL = 0;
				IPHONEOS_DEPLOYMENT_TARGET = 15.0;
				SDKROOT = iphoneos;
				SWIFT_ACTIVE_COMPILATION_CONDITIONS = DEBUG;
				SWIFT_OPTIMIZATION_LEVEL = "-Onone";
			};
			name = Debug;
		};
		A1B2C3000000000000000602 /* Release */ = {
			isa = XCBuildConfiguration;
			buildSettings = {
				ALWAYS_SEARCH_USER_PATHS = NO;
				CLANG_ENABLE_MODULES = YES;
				COPY_PHASE_STRIP = NO;
				GCC_NO_COMMON_BLOCKS = YES;
				IPHONEOS_DEPLOYMENT_TARGET = 15.0;
				SDKROOT = iphoneos;
				SWIFT_COMPILATION_MODE = wholemodule;
				SWIFT_OPTIMIZATION_LEVEL = "-O";
			};
			name = Release;
		};
		A1B2C3000000000000000701 /* Debug */ = {
			isa = XCBuildConfiguration;
			buildSettings = {
				CODE_SIGN_STYLE = Automatic;
				CURRENT_PROJECT_VERSION = 1;
				DEVELOPMENT_TEAM = "";
				GENERATE_INFOPLIST_FILE = NO;
				INFOPLIST_FILE = MediCareApp/MediCareApp/Info.plist;
				IPHONEOS_DEPLOYMENT_TARGET = 15.0;
				LD_RUNPATH_SEARCH_PATHS = (
					"$(inherited)",
					"@executable_path/Frameworks",
				);
				MARKETING_VERSION = 1.0;
				PRODUCT_BUNDLE_IDENTIFIER = com.jakkuazzo.medicare;
				PRODUCT_NAME = "$(TARGET_NAME)";
				SWIFT_VERSION = 5.0;
				TARGETED_DEVICE_FAMILY = "1,2";
			};
			name = Debug;
		};
		A1B2C3000000000000000702 /* Release */ = {
			isa = XCBuildConfiguration;
			buildSettings = {
				CODE_SIGN_STYLE = Automatic;
				CURRENT_PROJECT_VERSION = 1;
				DEVELOPMENT_TEAM = "";
				GENERATE_INFOPLIST_FILE = NO;
				INFOPLIST_FILE = MediCareApp/MediCareApp/Info.plist;
				IPHONEOS_DEPLOYMENT_TARGET = 15.0;
				LD_RUNPATH_SEARCH_PATHS = (
					"$(inherited)",
					"@executable_path/Frameworks",
				);
				MARKETING_VERSION = 1.0;
				PRODUCT_BUNDLE_IDENTIFIER = com.jakkuazzo.medicare;
				PRODUCT_NAME = "$(TARGET_NAME)";
				SWIFT_VERSION = 5.0;
				TARGETED_DEVICE_FAMILY = "1,2";
			};
			name = Release;
		};
/* End XCBuildConfiguration section */

/* Begin XCConfigurationList section */
		A1B2C3000000000000000501 /* Build configuration list for PBXNativeTarget "MediCareApp" */ = {
			isa = XCConfigurationList;
			buildConfigurations = (
				A1B2C3000000000000000701 /* Debug */,
				A1B2C3000000000000000702 /* Release */,
			);
			defaultConfigurationIsVisible = 0;
			defaultConfigurationName = Release;
		};
		A1B2C3000000000000000502 /* Build configuration list for PBXProject "MediCareApp" */ = {
			isa = XCConfigurationList;
			buildConfigurations = (
				A1B2C3000000000000000601 /* Debug */,
				A1B2C3000000000000000602 /* Release */,
			);
			defaultConfigurationIsVisible = 0;
			defaultConfigurationName = Release;
		};
/* End XCConfigurationList section */

	};
	rootObject = A1B2C3000000000000000401 /* Project object */;
}
