// !$*UTF8*$!
{
	archiveVersion = 1;
	classes = {
	};
	objectVersion = 56;
	objects = {
/* Begin PBXBuildFile section */
		D1234567001A000001 /* MediCareAppApp.swift in Sources */ = {isa = PBXBuildFile; fileRef = D1234567001A000002; };
		D1234567001A000003 /* AppTheme.swift in Sources */ = {isa = PBXBuildFile; fileRef = D1234567001A000004; };
		D1234567001A000005 /* APIService.swift in Sources */ = {isa = PBXBuildFile; fileRef = D1234567001A000006; };
		D1234567001A000007 /* AuthViewModel.swift in Sources */ = {isa = PBXBuildFile; fileRef = D1234567001A000008; };
		D1234567001A000009 /* LoginView.swift in Sources */ = {isa = PBXBuildFile; fileRef = D123456700100000A; };
		D123456700100000B /* SignupView.swift in Sources */ = {isa = PBXBuildFile; fileRef = D123456700100000C; };
		D123456700100000D /* FormField.swift in Sources */ = {isa = PBXBuildFile; fileRef = D123456700100000E; };
		D123456700100000F /* MainTabView.swift in Sources */ = {isa = PBXBuildFile; fileRef = D1234567001000010; };
		D1234567001000011 /* DashboardView.swift in Sources */ = {isa = PBXBuildFile; fileRef = D1234567001000012; };
		D1234567001000013 /* AppointmentsListView.swift in Sources */ = {isa = PBXBuildFile; fileRef = D1234567001000014; };
		D1234567001000015 /* PatientsListView.swift in Sources */ = {isa = PBXBuildFile; fileRef = D1234567001000016; };
		D1234567001000017 /* VaccinesListView.swift in Sources */ = {isa = PBXBuildFile; fileRef = D1234567001000018; };
		D1234567001000019 /* ProfileView.swift in Sources */ = {isa = PBXBuildFile; fileRef = D123456700100001A; };
		D123456700100001B /* AppointmentFormView.swift in Sources */ = {isa = PBXBuildFile; fileRef = D123456700100001C; };
		D123456700100001D /* PatientFormView.swift in Sources */ = {isa = PBXBuildFile; fileRef = D123456700100001E; };
		D123456700100001F /* StatusBadge.swift in Sources */ = {isa = PBXBuildFile; fileRef = D1234567001000020; };
/* End PBXBuildFile section */

/* Begin PBXFileReference section */
		D1234567001A000002 /* MediCareAppApp.swift */ = {isa = PBXFileReference; lastKnownFileType = sourcecode.swift; path = MediCareAppApp.swift; sourceTree = "<group>"; };
		D1234567001A000004 /* AppTheme.swift */ = {isa = PBXFileReference; lastKnownFileType = sourcecode.swift; path = Theme/AppTheme.swift; sourceTree = "<group>"; };
		D1234567001A000006 /* APIService.swift */ = {isa = PBXFileReference; lastKnownFileType = sourcecode.swift; path = Services/APIService.swift; sourceTree = "<group>"; };
		D1234567001A000008 /* AuthViewModel.swift */ = {isa = PBXFileReference; lastKnownFileType = sourcecode.swift; path = ViewModels/AuthViewModel.swift; sourceTree = "<group>"; };
		D123456700100000A /* LoginView.swift */ = {isa = PBXFileReference; lastKnownFileType = sourcecode.swift; path = Views/Authentication/LoginView.swift; sourceTree = "<group>"; };
		D123456700100000C /* SignupView.swift */ = {isa = PBXFileReference; lastKnownFileType = sourcecode.swift; path = Views/Authentication/SignupView.swift; sourceTree = "<group>"; };
		D123456700100000E /* FormField.swift */ = {isa = PBXFileReference; lastKnownFileType = sourcecode.swift; path = Views/Components/FormField.swift; sourceTree = "<group>"; };
		D1234567001000010 /* MainTabView.swift */ = {isa = PBXFileReference; lastKnownFileType = sourcecode.swift; path = Views/MainTabView.swift; sourceTree = "<group>"; };
		D1234567001000012 /* DashboardView.swift */ = {isa = PBXFileReference; lastKnownFileType = sourcecode.swift; path = Views/Dashboard/DashboardView.swift; sourceTree = "<group>"; };
		D1234567001000014 /* AppointmentsListView.swift */ = {isa = PBXFileReference; lastKnownFileType = sourcecode.swift; path = Views/Appointments/AppointmentsListView.swift; sourceTree = "<group>"; };
		D1234567001000016 /* PatientsListView.swift */ = {isa = PBXFileReference; lastKnownFileType = sourcecode.swift; path = Views/Patients/PatientsListView.swift; sourceTree = "<group>"; };
		D1234567001000018 /* VaccinesListView.swift */ = {isa = PBXFileReference; lastKnownFileType = sourcecode.swift; path = Views/Vaccines/VaccinesListView.swift; sourceTree = "<group>"; };
		D123456700100001A /* ProfileView.swift */ = {isa = PBXFileReference; lastKnownFileType = sourcecode.swift; path = Views/Profile/ProfileView.swift; sourceTree = "<group>"; };
		D123456700100001C /* AppointmentFormView.swift */ = {isa = PBXFileReference; lastKnownFileType = sourcecode.swift; path = Views/Forms/AppointmentFormView.swift; sourceTree = "<group>"; };
		D123456700100001E /* PatientFormView.swift */ = {isa = PBXFileReference; lastKnownFileType = sourcecode.swift; path = Views/Forms/PatientFormView.swift; sourceTree = "<group>"; };
		D1234567001000020 /* StatusBadge.swift */ = {isa = PBXFileReference; lastKnownFileType = sourcecode.swift; path = Views/Components/StatusBadge.swift; sourceTree = "<group>"; };
		D12345670010AAAA /* Info.plist */ = {isa = PBXFileReference; lastKnownFileType = text.plist.xml; path = MediCareApp/Info.plist; sourceTree = "<group>"; };
		D12345670010BBBB /* MediCareApp */ = {isa = PBXNativeTarget; buildConfigurationList = D12345670010CCCC; buildPhases = (D12345670010DDDD, D12345670010EEEE); buildRules = (); dependencies = (); name = MediCareApp; productName = MediCareApp; productReference = D12345670010FFFF; productType = "com.apple.product-type.application"; };
		D12345670010FFFF /* MediCareApp.app */ = {isa = PBXFileReference; explicitFileType = wrapper.application; includeInIndex = 0; path = MediCareApp.app; sourceTree = BUILT_PRODUCTS_DIR; };
		D1234567001AAAAA /* Project object */ = {isa = PBXProject; attributes = {BuildIndependentTargetsInParallel = 1; LastSwiftUpdateCheck = 1400; LastUpgradeCheck = 1400; TargetAttributes = (D12345670010BBBB, {CreatedOnToolsVersion = 14.0; }); }; buildConfigurationList = D1234567001BBBBB; classPrefix = ""; objectVersion = 56; roots = (D1234567001CCCCC); targets = (D12345670010BBBB); };
		D1234567001CCCCC /* PBXGroup */ = {isa = PBXGroup; children = (D1234567001DDDDD, D1234567001EEEEE); sourceTree = "<group>"; };
		D1234567001DDDDD /* MediCareApp */ = {isa = PBXGroup; children = (D1234567001A000002, D1234567001FFFFF, D12345670011AAAA, D12345670011BBBB, D12345670011CCCC, D12345670010AAAA); name = MediCareApp; sourceTree = "<group>"; };
		D1234567001EEEEE /* Products */ = {isa = PBXGroup; children = (D12345670010FFFF); name = Products; sourceTree = "<group>"; };
		D1234567001FFFFF /* Theme */ = {isa = PBXGroup; children = (D1234567001A000004); name = Theme; sourceTree = "<group>"; };
		D12345670011AAAA /* Services */ = {isa = PBXGroup; children = (D1234567001A000006); name = Services; sourceTree = "<group>"; };
		D12345670011BBBB /* ViewModels */ = {isa = PBXGroup; children = (D1234567001A000008); name = ViewModels; sourceTree = "<group>"; };
		D12345670011CCCC /* Views */ = {isa = PBXGroup; children = (D1234567001000010, D12345670011DDDD, D12345670011EEEE, D12345670011FFFF, D1234567001200AA, D1234567001200BB, D1234567001200CC); name = Views; sourceTree = "<group>"; };
		D12345670011DDDD /* Authentication */ = {isa = PBXGroup; children = (D123456700100000A, D123456700100000C); name = Authentication; sourceTree = "<group>"; };
		D12345670011EEEE /* Components */ = {isa = PBXGroup; children = (D123456700100000E, D1234567001000020); name = Components; sourceTree = "<group>"; };
		D12345670011FFFF /* Dashboard */ = {isa = PBXGroup; children = (D1234567001000012); name = Dashboard; sourceTree = "<group>"; };
		D1234567001200AA /* Appointments */ = {isa = PBXGroup; children = (D1234567001000014); name = Appointments; sourceTree = "<group>"; };
		D1234567001200BB /* Patients */ = {isa = PBXGroup; children = (D1234567001000016); name = Patients; sourceTree = "<group>"; };
		D1234567001200CC /* Vaccines */ = {isa = PBXGroup; children = (D1234567001000018); sourceTree = "<group>"; };
		D1234567001200DD /* Forms */ = {isa = PBXGroup; children = (D123456700100001C, D123456700100001E); name = Forms; sourceTree = "<group>"; };
		D1234567001200EE /* Profile */ = {isa = PBXGroup; children = (D123456700100001A); name = Profile; sourceTree = "<group>"; };
/* End PBXGroup section */

/* Begin PBXSourcesBuildPhase section */
		D12345670010EEEE /* Sources */ = {
			isa = PBXSourcesBuildPhase;
			buildActionMask = 2147483647;
			files = (
				D1234567001A000001 /* MediCareAppApp.swift in Sources */,
				D1234567001A000003 /* AppTheme.swift in Sources */,
				D1234567001A000005 /* APIService.swift in Sources */,
				D1234567001A000007 /* AuthViewModel.swift in Sources */,
				D1234567001A000009 /* LoginView.swift in Sources */,
				D123456700100000B /* SignupView.swift in Sources */,
				D123456700100000D /* FormField.swift in Sources */,
				D123456700100000F /* MainTabView.swift in Sources */,
				D1234567001000011 /* DashboardView.swift in Sources */,
				D1234567001000013 /* AppointmentsListView.swift in Sources */,
				D1234567001000015 /* PatientsListView.swift in Sources */,
				D1234567001000017 /* VaccinesListView.swift in Sources */,
				D1234567001000019 /* ProfileView.swift in Sources */,
				D123456700100001B /* AppointmentFormView.swift in Sources */,
				D123456700100001D /* PatientFormView.swift in Sources */,
				D123456700100001F /* StatusBadge.swift in Sources */,
			);
			runOnlyForDeploymentPostprocessing = 0;
		};
/* End PBXSourcesBuildPhase section */

/* Begin XCBuildConfiguration section */
		D1234567001BBBBC /* Debug */ = {
			isa = XCBuildConfiguration;
			buildSettings = {
				ALWAYS_SEARCH_USER_PATHS = NO;
				CLANG_ANALYZER_NONNULL = YES;
				CLANG_ANALYZER_NUMBER_OBJECT_CONVERSION = YES_AGGRESSIVE;
				CLANG_CXX_LANGUAGE_DIALECT = "c++20";
				CLANG_CXX_LIBRARY = "libc++";
				CLANG_ENABLE_MODULES = YES;
				CLANG_ENABLE_OBJC_ARC = YES;
				CLANG_WARN_BLOCK_CAPTURE_AUTORELEASING = YES;
				CLANG_WARN_BOOL_CONVERSION = YES;
				CLANG_WARN_COMMA = YES;
				CLANG_WARN_CONSTANT_CONVERSION = YES;
				CLANG_WARN_DEPRECATED_OBJC_IMPLEMENTATIONS = YES;
				CLANG_WARN_DIRECT_OBJC_ISA_USAGE = YES_ERROR;
				CLANG_WARN_DOCUMENTATION_COMMENTS = YES;
				CLANG_WARN_EMPTY_BODY = YES;
				CLANG_WARN_ENUM_CONVERSION = YES;
				CLANG_WARN_INFINITE_RECURSION = YES;
				CLANG_WARN_INT_CONVERSION = YES;
				CLANG_WARN_NON_LITERAL_NULL_CONVERSION = YES;
				CLANG_WARN_OBJC_IMPLICIT_RETAIN_SELF = YES;
				CLANG_WARN_OBJC_LITERAL_CONVERSION = YES;
				CLANG_WARN_OBJC_ROOT_CLASS = YES_ERROR;
				CLANG_WARN_QUOTED_INCLUDE_IN_FRAMEWORK_HEADER = YES;
				CLANG_WARN_RANGE_LOOP_ANALYSIS = YES;
				CLANG_WARN_STRICT_PROTOTYPES = YES;
				CLANG_WARN_SUSPICIOUS_MOVE = YES;
				CLANG_WARN_SUSPICIOUS_IMPLICIT_CONVERSION = YES;
				CLANG_WARN_UNREACHABLE_CODE = YES;
				CLANG_WARN__DUPLICATE_METHOD_MATCH = YES;
				COPY_PHASE_STRIP = NO;
				DEBUG_INFORMATION_FORMAT = dwarf;
				ENABLE_STRICT_OBJC_MSGSEND = YES;
				ENABLE_TESTABILITY = YES;
				GCC_C_LANGUAGE_DIALECT = gnu99;
				GCC_DYNAMIC_NO_PIC = NO;
				GCC_NO_COMMON_BLOCKS = YES;
				GCC_OPTIMIZATION_LEVEL = 0;
				GCC_PREPROCESSOR_DEFINITIONS = (
					"DEBUG=1",
					"$(inherited)",
				);
				GCC_WARN_64_TO_32_BIT_CONVERSION = YES;
				GCC_WARN_ABOUT_RETURN_TYPE = YES_ERROR;
				GCC_WARN_UNDECLARED_SELECTOR = YES;
				GCC_WARN_UNINITIALIZED_AUTOS = YES_AGGRESSIVE;
				GCC_WARN_UNUSED_FUNCTION = YES;
				GCC_WARN_UNUSED_VARIABLE = YES;
				IPHONEOS_DEPLOYMENT_TARGET = 14.0;
				MTL_ENABLE_DEBUG_INFO = INCLUDE_SOURCE;
				MTL_FAST_MATH = YES;
				ONLY_ACTIVE_ARCH = YES;
				SDKROOT = iphoneos;
				SWIFT_ACTIVE_COMPILATION_CONDITIONS = DEBUG;
				SWIFT_OPTIMIZATION_LEVEL = "-Onone";
			};
			name = Debug;
		};
		D1234567001BBBBD /* Release */ = {
			isa = XCBuildConfiguration;
			buildSettings = {
				ALWAYS_SEARCH_USER_PATHS = NO;
				CLANG_ANALYZER_NONNULL = YES;
				CLANG_ANALYZER_NUMBER_OBJECT_CONVERSION = YES_AGGRESSIVE;
				CLANG_CXX_LANGUAGE_DIALECT = "c++20";
				CLANG_CXX_LIBRARY = "libc++";
				CLANG_ENABLE_MODULES = YES;
				CLANG_ENABLE_OBJC_ARC = YES;
				CLANG_WARN_BLOCK_CAPTURE_AUTORELEASING = YES;
				CLANG_WARN_BOOL_CONVERSION = YES;
				CLANG_WARN_COMMA = YES;
				CLANG_WARN_CONSTANT_CONVERSION = YES;
				CLANG_WARN_DEPRECATED_OBJC_IMPLEMENTATIONS = YES;
				CLANG_WARN_DIRECT_OBJC_ISA_USAGE = YES_ERROR;
				CLANG_WARN_DOCUMENTATION_COMMENTS = YES;
				CLANG_WARN_EMPTY_BODY = YES;
				CLANG_WARN_ENUM_CONVERSION = YES;
				CLANG_WARN_INFINITE_RECURSION = YES;
				CLANG_WARN_INT_CONVERSION = YES;
				CLANG_WARN_NON_LITERAL_NULL_CONVERSION = YES;
				CLANG_WARN_OBJC_IMPLICIT_RETAIN_SELF = YES;
				CLANG_WARN_OBJC_LITERAL_CONVERSION = YES;
				CLANG_WARN_OBJC_ROOT_CLASS = YES_ERROR;
				CLANG_WARN_QUOTED_INCLUDE_IN_FRAMEWORK_HEADER = YES;
				CLANG_WARN_RANGE_LOOP_ANALYSIS = YES;
				CLANG_WARN_STRICT_PROTOTYPES = YES;
				CLANG_WARN_SUSPICIOUS_MOVE = YES;
				CLANG_WARN_SUSPICIOUS_IMPLICIT_CONVERSION = YES;
				CLANG_WARN_UNREACHABLE_CODE = YES;
				CLANG_WARN__DUPLICATE_METHOD_MATCH = YES;
				COPY_PHASE_STRIP = NO;
				DEBUG_INFORMATION_FORMAT = "dwarf-with-dsym";
				ENABLE_NS_ASSERTIONS = NO;
				ENABLE_STRICT_OBJC_MSGSEND = YES;
				GCC_C_LANGUAGE_DIALECT = gnu99;
				GCC_NO_COMMON_BLOCKS = YES;
				GCC_OPTIMIZE_FOR_SIZE = YES;
				GCC_PREPROCESSOR_DEFINITIONS = "";
				GCC_WARN_64_TO_32_BIT_CONVERSION = YES;
				GCC_WARN_ABOUT_RETURN_TYPE = YES_ERROR;
				GCC_WARN_UNDECLARED_SELECTOR = YES;
				GCC_WARN_UNINITIALIZED_AUTOS = YES_AGGRESSIVE;
				GCC_WARN_UNUSED_FUNCTION = YES;
				GCC_WARN_UNUSED_VARIABLE = YES;
				IPHONEOS_DEPLOYMENT_TARGET = 14.0;
				MTL_ENABLE_DEBUG_INFO = NO;
				MTL_FAST_MATH = YES;
				SDKROOT = iphoneos;
				SWIFT_COMPILATION_MODE = wholemodule;
				SWIFT_OPTIMIZATION_LEVEL = "-O";
				VALIDATE_PRODUCT = YES;
			};
			name = Release;
		};
		D12345670010DDDD /* Debug */ = {
			isa = XCBuildConfiguration;
			buildSettings = {
				ASSETCATALOG_COMPILER_APPICON_NAME = AppIcon;
				ASSETCATALOG_COMPILER_GLOBAL_ACCENT_COLOR_NAME = AccentColor;
				CODE_SIGN_STYLE = Automatic;
				CURRENT_PROJECT_VERSION = 1;
				DEVELOPMENT_TEAM = "";
				ENABLE_PREVIEWS = YES;
				GENERATE_INFOPLIST_FILE = YES;
				INFOPLIST_FILE = MediCareApp/Info.plist;
				INFOPLIST_KEY_UIApplicationSceneManifest_Generation = YES;
				INFOPLIST_KEY_UIApplicationSupportsIndirectInputEvents = YES;
				INFOPLIST_KEY_UILaunchScreen_Generation = YES;
				INFOPLIST_KEY_UISupportedInterfaceOrientations_iPad = "UIInterfaceOrientationPortrait UIInterfaceOrientationPortraitUpsideDown UIInterfaceOrientationLandscapeLeft UIInterfaceOrientationLandscapeRight";
				INFOPLIST_KEY_UISupportedInterfaceOrientations_iPhone = "UIInterfaceOrientationPortrait UIInterfaceOrientationLandscapeLandscapeLeft UIInterfaceOrientationLandscapeRight";
				IPHONEOS_DEPLOYMENT_TARGET = 14.0;
				LD_RUNPATH_SEARCH_PATHS = (
					"$(inherited)",
					"@executable_path/Frameworks",
				);
				MARKETING_VERSION = 1.0;
				PRODUCT_BUNDLE_IDENTIFIER = "com.medicare.app";
				PRODUCT_NAME = MediCareApp;
				SWIFT_EMIT_LOC_STRINGS = YES;
				SWIFT_VERSION = 5.7;
				TARGETED_DEVICE_FAMILY = "1,2";
			};
			name = Debug;
		};
		D12345670010FFFF /* Release */ = {
			isa = XCBuildConfiguration;
			buildSettings = {
				ASSETCATALOG_COMPILER_APPICON_NAME = AppIcon;
				ASSETCATALOG_COMPILER_GLOBAL_ACCENT_COLOR_NAME = AccentColor;
				CODE_SIGN_STYLE = Automatic;
				CURRENT_PROJECT_VERSION = 1;
				DEVELOPMENT_TEAM = "";
				ENABLE_PREVIEWS = YES;
				GENERATE_INFOPLIST_FILE = YES;
				INFOPLIST_FILE = MediCareApp/Info.plist;
				INFOPLIST_KEY_UIApplicationSceneManifest_Generation = YES;
				INFOPLIST_KEY_UIApplicationSupportsIndirectInputEvents = YES;
				INFOPLIST_KEY_UILaunchScreen_Generation = YES;
				INFOPLIST_KEY_UISupportedInterfaceOrientations_iPad = "UIInterfaceOrientationPortrait UIInterfaceOrientationPortraitUpsideDown UIInterfaceOrientationLandscapeLeft UIInterfaceOrientationLandscapeRight";
				INFOPLIST_KEY_UISupportedInterfaceOrientations_iPhone = "UIInterfaceOrientationPortrait UIInterfaceOrientationLandscapeLandscapeLeft UIInterfaceOrientationLandscapeRight";
				IPHONEOS_DEPLOYMENT_TARGET = 14.0;
				LD_RUNPATH_SEARCH_PATHS = (
					"$(inherited)",
					"@executable_path/Frameworks",
				);
				MARKETING_VERSION = 1.0;
				PRODUCT_BUNDLE_IDENTIFIER = "com.medicare.app";
				PRODUCT_NAME = MediCareApp;
				SWIFT_EMIT_LOC_STRINGS = YES;
				SWIFT_VERSION = 5.7;
				TARGETED_DEVICE_FAMILY = "1,2";
			};
			name = Release;
		};
/* End XCBuildConfiguration section */

/* Begin XCConfigurationList section */
		D12345670010CCCC /* Build configuration list for PBXNativeTarget "MediCareApp" */ = {
			isa = XCConfigurationList;
			buildConfigurations = (
				D12345670010DDDD /* Debug */,
				D12345670010FFFF /* Release */,
			);
			defaultConfigurationIsVisible = 0;
			defaultConfigurationName = Release;
		};
		D1234567001BBBBB /* Build configuration list for PBXProject "MediCareApp" */ = {
			isa = XCConfigurationList;
			buildConfigurations = (
				D1234567001BBBBC /* Debug */,
				D1234567001BBBBD /* Release */,
			);
			defaultConfigurationIsVisible = 0;
			defaultConfigurationName = Release;
		};
/* End XCConfigurationList section */
	};
	rootObject = D1234567001AAAAA /* Project object */;
}
